#MicroXplorer Configuration settings - do not modify
BSP_IP_NAME=NUCLEO-G474RE
CAD.formats=
CAD.pinconfig=
CAD.provider=
FDCAN2.AutoRetransmission=ENABLE
FDCAN2.CalculateBaudRateNominal=1000000
FDCAN2.CalculateTimeBitNominal=1000
FDCAN2.CalculateTimeQuantumNominal=58.8235294117647
FDCAN2.ClockDivider=FDCAN_CLOCK_DIV1
FDCAN2.DataPrescaler=10
FDCAN2.DataSyncJumpWidth=3
FDCAN2.DataTimeSeg1=13
FDCAN2.DataTimeSeg2=3
FDCAN2.ExtFiltersNbr=0
FDCAN2.FrameFormat=FDCAN_FRAME_CLASSIC
FDCAN2.IPParameters=ClockDivider,FrameFormat,Mode,AutoRetransmission,TransmitPause,ProtocolException,NominalPrescaler,NominalSyncJumpWidth,NominalTimeSeg1,NominalTimeSeg2,DataPrescaler,DataSyncJumpWidth,DataTimeSeg1,DataTimeSeg2,StdFiltersNbr,ExtFiltersNbr,TxFifoQueueMode,CalculateTimeQuantumNominal,CalculateBaudRateNominal,CalculateTimeBitNominal
FDCAN2.Mode=FDCAN_MODE_NORMAL
FDCAN2.NominalPrescaler=10
FDCAN2.NominalSyncJumpWidth=3
FDCAN2.NominalTimeSeg1=13
FDCAN2.NominalTimeSeg2=3
FDCAN2.ProtocolException=DISABLE
FDCAN2.StdFiltersNbr=8
FDCAN2.TransmitPause=ENABLE
FDCAN2.TxFifoQueueMode=FDCAN_TX_FIFO_OPERATION
FDCAN3.AutoRetransmission=ENABLE
FDCAN3.CalculateBaudRateNominal=1000000
FDCAN3.CalculateTimeBitNominal=1000
FDCAN3.CalculateTimeQuantumNominal=58.8235294117647
FDCAN3.ClockDivider=FDCAN_CLOCK_DIV1
FDCAN3.DataPrescaler=10
FDCAN3.DataSyncJumpWidth=3
FDCAN3.DataTimeSeg1=13
FDCAN3.DataTimeSeg2=3
FDCAN3.ExtFiltersNbr=0
FDCAN3.FrameFormat=FDCAN_FRAME_CLASSIC
FDCAN3.IPParameters=ClockDivider,FrameFormat,Mode,AutoRetransmission,TransmitPause,ProtocolException,NominalPrescaler,NominalSyncJumpWidth,NominalTimeSeg1,NominalTimeSeg2,DataPrescaler,DataSyncJumpWidth,DataTimeSeg1,DataTimeSeg2,StdFiltersNbr,ExtFiltersNbr,TxFifoQueueMode,CalculateTimeQuantumNominal,CalculateBaudRateNominal,CalculateTimeBitNominal
FDCAN3.Mode=FDCAN_MODE_NORMAL
FDCAN3.NominalPrescaler=10
FDCAN3.NominalSyncJumpWidth=3
FDCAN3.NominalTimeSeg1=13
FDCAN3.NominalTimeSeg2=3
FDCAN3.ProtocolException=DISABLE
FDCAN3.StdFiltersNbr=8
FDCAN3.TransmitPause=ENABLE
FDCAN3.TxFifoQueueMode=FDCAN_TX_FIFO_OPERATION
File.Version=6
I2C1.AddressingMode=I2C_ADDRESSINGMODE_7BIT
I2C1.Analog_Filter=I2C_ANALOGFILTER_ENABLE
I2C1.CustomTiming=Enabled
I2C1.DualAddressMode=I2C_DUALADDRESS_DISABLE
I2C1.GeneralCallMode=I2C_GENERALCALL_DISABLE
I2C1.I2C_Speed_Mode=I2C_Fast
I2C1.IPParameters=CustomTiming,I2C_Speed_Mode,Speed,Analog_Filter,Timing,NoStretchMode,GeneralCallMode,AddressingMode,DualAddressMode,OwnAddress
I2C1.IPParametersWithoutCheck=OwnAddress
I2C1.NoStretchMode=I2C_NOSTRETCH_DISABLE
I2C1.OwnAddress=0
I2C1.Speed=400
I2C1.Timing=0x00C0216C
KeepUserPlacement=false
Mcu.CPN=STM32G474RET6
Mcu.Family=STM32G4
Mcu.IP0=FDCAN2
Mcu.IP1=FDCAN3
Mcu.IP2=I2C1
Mcu.IP3=NUCLEO-G474RE
Mcu.IP4=NVIC
Mcu.IP5=RCC
Mcu.IP6=SYS
Mcu.IP7=USB
Mcu.IP8=USB_DEVICE
Mcu.IPNb=10
Mcu.Name=STM32G474R(B-C-E)Tx
Mcu.Package=LQFP64
Mcu.Pin0=PC13
Mcu.Pin1=PC14-OSC32_IN
Mcu.Pin10=PB3
Mcu.Pin11=PB4
Mcu.Pin12=PB5
Mcu.Pin13=PB6
Mcu.Pin14=PB8-BOOT0
Mcu.Pin15=PB9
Mcu.Pin16=PC2
Mcu.Pin17=VP_SYS_VS_Systick
Mcu.Pin18=VP_SYS_VS_DBSignals
Mcu.Pin19=VP_NUCLEO-G474RE_VS_BSP_COMMON
Mcu.Pin20=PA11
Mcu.Pin21=PA12
Mcu.Pin22=VP_USB_DEVICE_VS_USB_DEVICE_CDC_FS
Mcu.Pin2=PC15-OSC32_OUT
Mcu.Pin3=PF0-OSC_IN
Mcu.Pin4=PF1-OSC_OUT
Mcu.Pin5=PA2
Mcu.Pin6=PA3
Mcu.Pin7=PA5
Mcu.Pin8=PA13
Mcu.Pin9=PA14
Mcu.PinsNb=23
Mcu.ThirdPartyNb=0
Mcu.UserConstants=
Mcu.UserName=STM32G474RETx
MxCube.Version=6.18.1
MxDb.Version=DB.6.0.181
NUCLEO-G474RE.BUTTON=1
NUCLEO-G474RE.Bsp_Common_DEMO=true
NUCLEO-G474RE.IPParameters=VCP,LD2,BUTTON,Bsp_Common_DEMO
NUCLEO-G474RE.LD2=true
NUCLEO-G474RE.VCP=true
NVIC.BusFault_IRQn=true\:0\:0\:false\:false\:true\:false\:false\:false
NVIC.DebugMonitor_IRQn=true\:0\:0\:false\:false\:true\:false\:false\:false
NVIC.EXTI2_IRQn=true\:0\:0\:false\:false\:true\:true\:true\:true
NVIC.EXTI15_10_IRQn=true\:0\:0\:false\:false\:true\:false\:true\:true
NVIC.FDCAN2_IT0_IRQn=true\:1\:0\:false\:false\:true\:true\:true\:true
NVIC.FDCAN3_IT0_IRQn=true\:1\:0\:false\:false\:true\:true\:true\:true
NVIC.ForceEnableDMAVector=true
NVIC.HardFault_IRQn=true\:0\:0\:false\:false\:true\:false\:false\:false
NVIC.MemoryManagement_IRQn=true\:0\:0\:false\:false\:true\:false\:false\:false
NVIC.NonMaskableInt_IRQn=true\:0\:0\:false\:false\:true\:false\:false\:false
NVIC.PendSV_IRQn=true\:0\:0\:false\:false\:true\:false\:false\:false
NVIC.PriorityGroup=NVIC_PRIORITYGROUP_4
NVIC.SVCall_IRQn=true\:0\:0\:false\:false\:true\:false\:false\:false
NVIC.SysTick_IRQn=true\:0\:0\:false\:false\:true\:false\:true\:false
NVIC.USB_LP_IRQn=true\:6\:0\:true\:false\:true\:true\:true\:true
NVIC.UsageFault_IRQn=true\:0\:0\:false\:false\:true\:false\:false\:false
PA11.Locked=true
PA11.Mode=Device
PA11.Signal=USB_DM
PA12.Locked=true
PA12.Mode=Device
PA12.Signal=USB_DP
PA13.GPIOParameters=GPIO_Label
PA13.GPIO_Label=T_SWDIO
PA13.Locked=true
PA13.Signal=SYS_JTMS-SWDIO
PA14.GPIOParameters=GPIO_Label
PA14.GPIO_Label=T_SWCLK
PA14.Locked=true
PA14.Signal=SYS_JTCK-SWCLK
PA2.Locked=true
PA2.Signal=LPUART1_TX
PA3.Locked=true
PA3.Signal=LPUART1_RX
PA5.Locked=true
PB3.GPIOParameters=GPIO_Label,GPIO_Speed
PB3.GPIO_Label=CAN1_RX
PB3.GPIO_Speed=GPIO_SPEED_FREQ_VERY_HIGH
PB3.Locked=true
PB3.Mode=FDCAN_Activate
PB3.Signal=FDCAN3_RX
PB4.GPIOParameters=GPIO_Label,GPIO_Speed
PB4.GPIO_Label=CAN1_TX
PB4.GPIO_Speed=GPIO_SPEED_FREQ_VERY_HIGH
PB4.Locked=true
PB4.Mode=FDCAN_Activate
PB4.Signal=FDCAN3_TX
PB5.GPIOParameters=GPIO_Label,GPIO_Speed
PB5.GPIO_Label=CAN2_RX
PB5.GPIO_Speed=GPIO_SPEED_FREQ_VERY_HIGH
PB5.Locked=true
PB5.Mode=FDCAN_Activate
PB5.Signal=FDCAN2_RX
PB6.GPIOParameters=GPIO_Label,GPIO_Speed
PB6.GPIO_Label=CAN2_TX
PB6.GPIO_Speed=GPIO_SPEED_FREQ_VERY_HIGH
PB6.Locked=true
PB6.Mode=FDCAN_Activate
PB6.Signal=FDCAN2_TX
PB8-BOOT0.GPIOParameters=GPIO_Label,GPIO_Speed
PB8-BOOT0.GPIO_Label=OLED_SCL
PB8-BOOT0.GPIO_Speed=GPIO_SPEED_FREQ_HIGH
PB8-BOOT0.Locked=true
PB8-BOOT0.Mode=I2C
PB8-BOOT0.Signal=I2C1_SCL
PB9.GPIOParameters=GPIO_Label,GPIO_Speed
PB9.GPIO_Label=OLED_SDA
PB9.GPIO_Speed=GPIO_SPEED_FREQ_HIGH
PB9.Locked=true
PB9.Mode=I2C
PB9.Signal=I2C1_SDA
PC2.GPIOParameters=GPIO_Label,GPIO_ModeDefaultEXTI
PC2.GPIO_Label=EMS_SW
PC2.GPIO_ModeDefaultEXTI=GPIO_MODE_IT_RISING
PC2.Locked=true
PC2.Signal=GPXTI2
PC13.Locked=true
PC14-OSC32_IN.GPIOParameters=GPIO_Label
PC14-OSC32_IN.GPIO_Label=RCC_OSC32_IN
PC14-OSC32_IN.Locked=true
PC14-OSC32_IN.Signal=RCC_OSC32_IN
PC15-OSC32_OUT.GPIOParameters=GPIO_Label
PC15-OSC32_OUT.GPIO_Label=RCC_OSC32_OUT
PC15-OSC32_OUT.Locked=true
PC15-OSC32_OUT.Signal=RCC_OSC32_OUT
PF0-OSC_IN.GPIOParameters=GPIO_Label
PF0-OSC_IN.GPIO_Label=RCC_OSC_IN
PF0-OSC_IN.Locked=true
PF0-OSC_IN.Signal=RCC_OSC_IN
PF1-OSC_OUT.GPIOParameters=GPIO_Label
PF1-OSC_OUT.GPIO_Label=RCC_OSC_OUT
PF1-OSC_OUT.Locked=true
PF1-OSC_OUT.Signal=RCC_OSC_OUT
PinOutPanel.RotationAngle=0
ProjectManager.AskForMigrate=true
ProjectManager.BackupPrevious=false
ProjectManager.CompilerLinker=GCC
ProjectManager.CompilerOptimize=6
ProjectManager.ComputerToolchain=false
ProjectManager.CoupleFile=false
ProjectManager.CustomerFirmwarePackage=
ProjectManager.DefaultFWLocation=true
ProjectManager.DeletePrevious=true
ProjectManager.DeviceId=STM32G474RETx
ProjectManager.FirmwarePackage=STM32Cube FW_G4 V1.6.3
ProjectManager.FreePins=false
ProjectManager.FreePinsContext=
ProjectManager.HalAssertFull=false
ProjectManager.HeapSize=0x200
ProjectManager.KeepUserCode=true
ProjectManager.LastFirmware=true
ProjectManager.LibraryCopy=1
ProjectManager.MainLocation=Core/Src
ProjectManager.NoMain=false
ProjectManager.PreviousToolchain=
ProjectManager.ProjectBuild=false
ProjectManager.ProjectFileName=URS.ioc
ProjectManager.ProjectName=URS
ProjectManager.ProjectStructure=
ProjectManager.RegisterCallBack=
ProjectManager.StackSize=0x400
ProjectManager.TargetToolchain=CMake
ProjectManager.ToolChainLocation=
ProjectManager.UAScriptAfterPath=
ProjectManager.UAScriptBeforePath=
ProjectManager.UnderRoot=false
ProjectManager.functionlistsort=1-SystemClock_Config-RCC-false-HAL-false,2-MX_GPIO_Init-GPIO-false-HAL-true,3-MX_FDCAN2_Init-FDCAN2-false-HAL-true,4-MX_FDCAN3_Init-FDCAN3-false-HAL-true,5-MX_I2C1_Init-I2C1-false-HAL-true,6-MX_USB_Device_Init-USB_DEVICE-false-HAL-false,false-0--NUCLEO-G474RE-true-HAL-true
RCC.ADC12Freq_Value=170000000
RCC.ADC345Freq_Value=170000000
RCC.AHBFreq_Value=170000000
RCC.APB1Freq_Value=170000000
RCC.APB1TimFreq_Value=170000000
RCC.APB2Freq_Value=170000000
RCC.APB2TimFreq_Value=170000000
RCC.CRSFreq_Value=48000000
RCC.CortexFreq_Value=170000000
RCC.EXTERNAL_CLOCK_VALUE=12288000
RCC.FCLKCortexFreq_Value=170000000
RCC.FDCANFreq_Value=170000000
RCC.FamilyName=M
RCC.HCLKFreq_Value=170000000
RCC.HRTIM1Freq_Value=170000000
RCC.HSE_VALUE=24000000
RCC.HSI48_VALUE=48000000
RCC.HSI_VALUE=16000000
RCC.I2C1Freq_Value=170000000
RCC.I2C2Freq_Value=170000000
RCC.I2C3Freq_Value=170000000
RCC.I2C4Freq_Value=170000000
RCC.I2SFreq_Value=170000000
RCC.IPParameters=ADC12Freq_Value,ADC345Freq_Value,AHBFreq_Value,APB1Freq_Value,APB1TimFreq_Value,APB2Freq_Value,APB2TimFreq_Value,CRSFreq_Value,CortexFreq_Value,EXTERNAL_CLOCK_VALUE,FCLKCortexFreq_Value,FDCANFreq_Value,FamilyName,HCLKFreq_Value,HRTIM1Freq_Value,HSE_VALUE,HSI48_VALUE,HSI_VALUE,I2C1Freq_Value,I2C2Freq_Value,I2C3Freq_Value,I2C4Freq_Value,I2SFreq_Value,LPTIM1Freq_Value,LPUART1Freq_Value,LSCOPinFreq_Value,LSE_VALUE,LSI_VALUE,MCO1PinFreq_Value,PLLM,PLLN,PLLPoutputFreq_Value,PLLQoutputFreq_Value,PLLRCLKFreq_Value,PWRFreq_Value,QSPIFreq_Value,RNGFreq_Value,RTCClockSelection,RTCFreq_Value,SAI1Freq_Value,SYSCLKFreq_VALUE,SYSCLKSource,UART4Freq_Value,UART5Freq_Value,USART1Freq_Value,USART2Freq_Value,USART3Freq_Value,USBFreq_Value,VCOInputFreq_Value,VCOOutputFreq_Value
RCC.LPTIM1Freq_Value=170000000
RCC.LPUART1Freq_Value=170000000
RCC.LSCOPinFreq_Value=32000
RCC.LSE_VALUE=32768
RCC.LSI_VALUE=32000
RCC.MCO1PinFreq_Value=16000000
RCC.PLLM=RCC_PLLM_DIV4
RCC.PLLN=85
RCC.PLLPoutputFreq_Value=170000000
RCC.PLLQoutputFreq_Value=170000000
RCC.PLLRCLKFreq_Value=170000000
RCC.PWRFreq_Value=170000000
RCC.QSPIFreq_Value=170000000
RCC.RNGFreq_Value=170000000
RCC.RTCClockSelection=RCC_RTCCLKSOURCE_LSE
RCC.RTCFreq_Value=32768
RCC.SAI1Freq_Value=170000000
RCC.SYSCLKFreq_VALUE=170000000
RCC.SYSCLKSource=RCC_SYSCLKSOURCE_PLLCLK
RCC.UART4Freq_Value=170000000
RCC.UART5Freq_Value=170000000
RCC.USART1Freq_Value=170000000
RCC.USART2Freq_Value=170000000
RCC.USART3Freq_Value=170000000
RCC.USBFreq_Value=48000000
RCC.VCOInputFreq_Value=4000000
RCC.VCOOutputFreq_Value=340000000
SH.GPXTI2.0=GPIO_EXTI2
SH.GPXTI2.ConfNb=1
USB.DeviceSpeed=PCD_SPEED_FULL
USB.IPParameters=DeviceSpeed,phy_itface,Sof_enable,low_power_enable,lpm_enable,battery_charging_enable
USB.Sof_enable=DISABLE
USB.battery_charging_enable=DISABLE
USB.low_power_enable=DISABLE
USB.lpm_enable=DISABLE
USB.phy_itface=PCD_PHY_EMBEDDED
USB_DEVICE.APP_RX_DATA_SIZE=256
USB_DEVICE.APP_TX_DATA_SIZE=256
USB_DEVICE.CLASS_NAME_FS=CDC
USB_DEVICE.CONFIGURATION_STRING_CDC_FS=URS CDC Config
USB_DEVICE.INTERFACE_STRING_CDC_FS=URS Command Interface
USB_DEVICE.IPParameters=VirtualMode,VirtualModeFS,CLASS_NAME_FS,USBD_MAX_NUM_INTERFACES,USBD_MAX_STR_DESC_SIZ,VID,PID_CDC_FS,PRODUCT_STRING_CDC_FS,USBD_LPM_ENABLED,USBD_MAX_NUM_CONFIGURATION,USBD_SELF_POWERED,USBD_DEBUG_LEVEL,LANGID_STRING,MANUFACTURER_STRING,CONFIGURATION_STRING_CDC_FS,INTERFACE_STRING_CDC_FS,APP_RX_DATA_SIZE,APP_TX_DATA_SIZE
USB_DEVICE.IPParametersWithoutCheck=USBD_MAX_STR_DESC_SIZ,USBD_MAX_NUM_INTERFACES
USB_DEVICE.LANGID_STRING=1033
USB_DEVICE.MANUFACTURER_STRING=Rubik Solver
USB_DEVICE.PID_CDC_FS=0x5740
USB_DEVICE.PRODUCT_STRING_CDC_FS=URS Motor Controller
USB_DEVICE.USBD_DEBUG_LEVEL=0
USB_DEVICE.USBD_LPM_ENABLED=0
USB_DEVICE.USBD_MAX_NUM_CONFIGURATION=1
USB_DEVICE.USBD_MAX_NUM_INTERFACES=1
USB_DEVICE.USBD_MAX_STR_DESC_SIZ=100
USB_DEVICE.USBD_SELF_POWERED=0
USB_DEVICE.VID=0x483
USB_DEVICE.VirtualMode=Cdc
USB_DEVICE.VirtualModeFS=Cdc_FS
VP_NUCLEO-G474RE_VS_BSP_COMMON.Mode=COMMON
VP_NUCLEO-G474RE_VS_BSP_COMMON.Signal=NUCLEO-G474RE_VS_BSP_COMMON
VP_SYS_VS_DBSignals.Mode=DisableDeadBatterySignals
VP_SYS_VS_DBSignals.Signal=SYS_VS_DBSignals
VP_SYS_VS_Systick.Mode=SysTick
VP_SYS_VS_Systick.Signal=SYS_VS_Systick
VP_USB_DEVICE_VS_USB_DEVICE_CDC_FS.Mode=CDC_FS
VP_USB_DEVICE_VS_USB_DEVICE_CDC_FS.Signal=USB_DEVICE_VS_USB_DEVICE_CDC_FS
board=NUCLEO-G474RE
boardIOC=true
